
Microsoft Visual Studio Solution File, Format Version 12.00
# Visual Studio Version 16
VisualStudioVersion = 16.0.29926.136
MinimumVisualStudioVersion = 10.0.40219.1
Project("{FAE04EC0-301F-11D3-BF4B-00C04F79EFBC}") = "Arkod.NHibernate", "Arkod.NHibernate\Arkod.NHibernate.csproj", "{73B7BB03-5C16-4F99-B489-D2105DC0B090}"
EndProject
Project("{FAE04EC0-301F-11D3-BF4B-00C04F79EFBC}") = "Models.Testing", "Models.Testing\Models.Testing.csproj", "{9AFC1E22-4C8C-462A-AAE3-92514DA6F01E}"
EndProject
Project("{FAE04EC0-301F-11D3-BF4B-00C04F79EFBC}") = "Test", "Test\Test.csproj", "{40645F84-07B9-4E0D-8BAF-9E6496EC0CF0}"
EndProject
Global
	GlobalSection(SolutionConfigurationPlatforms) = preSolution
		Debug|Any CPU = Debug|Any CPU
		Release|Any CPU = Release|Any CPU
	EndGlobalSection
	GlobalSection(ProjectConfigurationPlatforms) = postSolution
		{73B7BB03-5C16-4F99-B489-D2105DC0B090}.Debug|Any CPU.ActiveCfg = Debug|Any CPU
		{73B7BB03-5C16-4F99-B489-D2105DC0B090}.Debug|Any CPU.Build.0 = Debug|Any CPU
		{73B7BB03-5C16-4F99-B489-D2105DC0B090}.Release|Any CPU.ActiveCfg = Release|Any CPU
		{73B7BB03-5C16-4F99-B489-D2105DC0B090}.Release|Any CPU.Build.0 = Release|Any CPU
		{9AFC1E22-4C8C-462A-AAE3-92514DA6F01E}.Debug|Any CPU.ActiveCfg = Debug|Any CPU
		{9AFC1E22-4C8C-462A-AAE3-92514DA6F01E}.Debug|Any CPU.Build.0 = Debug|Any CPU
		{9AFC1E22-4C8C-462A-AAE3-92514DA6F01E}.Release|Any CPU.ActiveCfg = Release|Any CPU
		{9AFC1E22-4C8C-462A-AAE3-92514DA6F01E}.Release|Any CPU.Build.0 = Release|Any CPU
		{40645F84-07B9-4E0D-8BAF-9E6496EC0CF0}.Debug|Any CPU.ActiveCfg = Debug|Any CPU
		{40645F84-07B9-4E0D-8BAF-9E6496EC0CF0}.Debug|Any CPU.Build.0 = Debug|Any CPU
		{40645F84-07B9-4E0D-8BAF-9E6496EC0CF0}.Release|Any CPU.ActiveCfg = Release|Any CPU
		{40645F84-07B9-4E0D-8BAF-9E6496EC0CF0}.Release|Any CPU.Build.0 = Release|Any CPU
	EndGlobalSection
	GlobalSection(SolutionProperties) = preSolution
		HideSolutionNode = FALSE
	EndGlobalSection
	GlobalSection(ExtensibilityGlobals) = postSolution
		SolutionGuid = {94ACC750-422B-4C44-808A-2C37A0CDE0A7}
	EndGlobalSection
EndGlobal
